
Microsoft Visual Studio Solution File, Format Version 12.00
# Visual Studio 15
VisualStudioVersion = 15.0.28307.1231
MinimumVisualStudioVersion = 10.0.40219.1
Project("{9A19103F-16F7-4668-BE54-9A1E7A4F7556}") = "LearnDotNetCore", "LearnDotNetCore\LearnDotNetCore.csproj", "{D248E8BD-7D5F-46A9-B782-538F319F9125}"
EndProject
Project("{9A19103F-16F7-4668-BE54-9A1E7A4F7556}") = "WebClient", "WebClient\WebClient.csproj", "{96CC3F10-F51F-400E-B6DA-239B15C35E71}"
EndProject
Global
	GlobalSection(SolutionConfigurationPlatforms) = preSolution
		Debug|Any CPU = Debug|Any CPU
		Release|Any CPU = Release|Any CPU
	EndGlobalSection
	GlobalSection(ProjectConfigurationPlatforms) = postSolution
		{D248E8BD-7D5F-46A9-B782-538F319F9125}.Debug|Any CPU.ActiveCfg = Debug|Any CPU
		{D248E8BD-7D5F-46A9-B782-538F319F9125}.Debug|Any CPU.Build.0 = Debug|Any CPU
		{D248E8BD-7D5F-46A9-B782-538F319F9125}.Release|Any CPU.ActiveCfg = Release|Any CPU
		{D248E8BD-7D5F-46A9-B782-538F319F9125}.Release|Any CPU.Build.0 = Release|Any CPU
		{96CC3F10-F51F-400E-B6DA-239B15C35E71}.Debug|Any CPU.ActiveCfg = Debug|Any CPU
		{96CC3F10-F51F-400E-B6DA-239B15C35E71}.Debug|Any CPU.Build.0 = Debug|Any CPU
		{96CC3F10-F51F-400E-B6DA-239B15C35E71}.Release|Any CPU.ActiveCfg = Release|Any CPU
		{96CC3F10-F51F-400E-B6DA-239B15C35E71}.Release|Any CPU.Build.0 = Release|Any CPU
	EndGlobalSection
	GlobalSection(SolutionProperties) = preSolution
		HideSolutionNode = FALSE
	EndGlobalSection
	GlobalSection(ExtensibilityGlobals) = postSolution
		SolutionGuid = {2707A371-99E5-47E5-8BF1-F981A43080CD}
	EndGlobalSection
EndGlobal
